{
  "nodes": {
    "anki-compiler": {
      "inputs": {
        "flake-utils": "flake-utils_2",
        "nixpkgs": "nixpkgs_2"
      },
      "locked": {
        "lastModified": 1694219801,
        "narHash": "sha256-8KFSy+R0nwUeZ3U2WYvRRjEYEk8iLXwWM9onvz5pixE=",
        "owner": "Smaug123",
        "repo": "anki-dotnet",
        "rev": "8d1904d5cea06c8c20f5712ba865ace2d61b6255",
        "type": "github"
      },
      "original": {
        "owner": "Smaug123",
        "repo": "anki-dotnet",
        "type": "github"
      }
    },
    "anki-decks": {
      "inputs": {
        "anki-compiler": "anki-compiler",
        "flake-utils": [
          "website",
          "flake-utils"
        ],
        "nixpkgs": [
          "website",
          "nixpkgs"
        ],
        "scripts": "scripts"
      },
      "locked": {
        "lastModified": 1696031308,
        "narHash": "sha256-/vFFNkM76WlcddKZQ8iExpuG/lae0pLHCMGI6OzD9es=",
        "owner": "Smaug123",
        "repo": "anki-decks",
        "rev": "5e7cb415aa656c85fe042b1c79b386efe862a7cc",
        "type": "github"
      },
      "original": {
        "owner": "Smaug123",
        "repo": "anki-decks",
        "type": "github"
      }
    },
    "extra-content": {
      "flake": false,
      "locked": {
        "lastModified": 1694359899,
        "narHash": "sha256-zqso6yrZLMvhEWBrffXMTvirHeX/CWy0HmfCpC+FFXE=",
        "path": "/Users/patrick/Desktop/website/extra-site-content",
        "type": "path"
      },
      "original": {
        "path": "/Users/patrick/Desktop/website/extra-site-content",
        "type": "path"
      }
    },
    "flake-utils": {
      "inputs": {
        "systems": "systems"
      },
      "locked": {
        "lastModified": 1731533236,
        "narHash": "sha256-l0KFg5HjrsfsO/JpG+r7fRrqm12kzFHyUHqHCVpMMbI=",
        "owner": "numtide",
        "repo": "flake-utils",
        "rev": "11707dc2f618dd54ca8739b309ec4fc024de578b",
        "type": "github"
      },
      "original": {
        "owner": "numtide",
        "repo": "flake-utils",
        "type": "github"
      }
    },
    "flake-utils_2": {
      "inputs": {
        "systems": "systems_2"
      },
      "locked": {
        "lastModified": 1692799911,
        "narHash": "sha256-3eihraek4qL744EvQXsK1Ha6C3CR7nnT8X2qWap4RNk=",
        "owner": "numtide",
        "repo": "flake-utils",
        "rev": "f9e7cf818399d17d347f847525c5a5a8032e4e44",
        "type": "github"
      },
      "original": {
        "owner": "numtide",
        "repo": "flake-utils",
        "type": "github"
      }
    },
    "flake-utils_3": {
      "inputs": {
        "systems": "systems_3"
      },
      "locked": {
        "lastModified": 1726560853,
        "narHash": "sha256-X6rJYSESBVr3hBoH0WbKE5KvhPU5bloyZ2L4K60/fPQ=",
        "owner": "numtide",
        "repo": "flake-utils",
        "rev": "c1dfcf08411b08f6b8615f7d8971a2bfa81d5e8a",
        "type": "github"
      },
      "original": {
        "owner": "numtide",
        "repo": "flake-utils",
        "type": "github"
      }
    },
    "flake-utils_4": {
      "inputs": {
        "systems": "systems_4"
      },
      "locked": {
        "lastModified": 1694529238,
        "narHash": "sha256-zsNZZGTGnMOf9YpHKJqMSsa0dXbfmxeoJ7xHlrt+xmY=",
        "owner": "numtide",
        "repo": "flake-utils",
        "rev": "ff7b65b44d01cf9ba6a71320833626af21126384",
        "type": "github"
      },
      "original": {
        "owner": "numtide",
        "repo": "flake-utils",
        "type": "github"
      }
    },
    "flake-utils_5": {
      "inputs": {
        "systems": "systems_5"
      },
      "locked": {
        "lastModified": 1701680307,
        "narHash": "sha256-kAuep2h5ajznlPMD9rnQyffWG8EM/C73lejGofXvdM8=",
        "owner": "numtide",
        "repo": "flake-utils",
        "rev": "4022d587cbbfd70fe950c1e2083a02621806a725",
        "type": "github"
      },
      "original": {
        "owner": "numtide",
        "repo": "flake-utils",
        "type": "github"
      }
    },
    "home-manager": {
      "inputs": {
        "nixpkgs": [
          "nixpkgs"
        ]
      },
      "locked": {
        "lastModified": 1735053786,
        "narHash": "sha256-Gm+0DcbUS338vvkwyYWms5jsWlx8z8MeQBzcnIDuIkw=",
        "owner": "nix-community",
        "repo": "home-manager",
        "rev": "35b98d20ca8f4ca1f6a2c30b8a2c8bb305a36d84",
        "type": "github"
      },
      "original": {
        "owner": "nix-community",
        "repo": "home-manager",
        "type": "github"
      }
    },
    "images": {
      "inputs": {
        "flake-utils": [
          "website",
          "flake-utils"
        ],
        "nixpkgs": [
          "website",
          "nixpkgs"
        ],
        "scripts": "scripts_2"
      },
      "locked": {
        "lastModified": 1721842442,
        "narHash": "sha256-bjvLR/KwHToz0/kRcZ8/MHXs3y4YCTtz3UUQ/D/AliA=",
        "ref": "refs/heads/main",
        "rev": "cab3ccc58ec12af893c9ea6b87aac0dfeefa3752",
        "revCount": 24,
        "type": "git",
        "url": "file:/Users/patrick/Desktop/website/static-site-images"
      },
      "original": {
        "type": "git",
        "url": "file:/Users/patrick/Desktop/website/static-site-images"
      }
    },
    "katex": {
      "inputs": {
        "flake-utils": "flake-utils_4",
        "nixpkgs": "nixpkgs_3"
      },
      "locked": {
        "lastModified": 1704150937,
        "narHash": "sha256-G6uJKkY5VErgobe51IIbp/ugHDIhVx5e0xNjJ90JEOk=",
        "owner": "Smaug123",
        "repo": "KaTeX",
        "rev": "b74ed701beec2bebd161a0b5ea30c496c5206b96",
        "type": "github"
      },
      "original": {
        "owner": "Smaug123",
        "ref": "nix",
        "repo": "KaTeX",
        "type": "github"
      }
    },
    "model": {
      "flake": false,
      "locked": {
        "narHash": "sha256-CSrDFPoQgkvBW36keGkYpjxz740TBrCKVSxwSnfYvV8=",
        "type": "file",
        "url": "https://huggingface.co/ggerganov/whisper.cpp/resolve/main/ggml-small.bin?download=true"
      },
      "original": {
        "type": "file",
        "url": "https://huggingface.co/ggerganov/whisper.cpp/resolve/main/ggml-small.bin?download=true"
      }
    },
    "nixpkgs": {
      "locked": {
        "lastModified": 1734649271,
        "narHash": "sha256-4EVBRhOjMDuGtMaofAIqzJbg4Ql7Ai0PSeuVZTHjyKQ=",
        "owner": "NixOS",
        "repo": "nixpkgs",
        "rev": "d70bd19e0a38ad4790d3913bf08fcbfc9eeca507",
        "type": "github"
      },
      "original": {
        "owner": "NixOS",
        "ref": "nixos-unstable",
        "repo": "nixpkgs",
        "type": "github"
      }
    },
    "nixpkgs_2": {
      "locked": {
        "lastModified": 1694021185,
        "narHash": "sha256-v5Ie83yfsiQgp4GDRZFIsbkctEynfOdNOi67vBH12XM=",
        "owner": "nixos",
        "repo": "nixpkgs",
        "rev": "3e233330d9f88f78c75c2a164a50807e44245007",
        "type": "github"
      },
      "original": {
        "owner": "nixos",
        "repo": "nixpkgs",
        "type": "github"
      }
    },
    "nixpkgs_3": {
      "locked": {
        "lastModified": 1688392541,
        "narHash": "sha256-lHrKvEkCPTUO+7tPfjIcb7Trk6k31rz18vkyqmkeJfY=",
        "owner": "NixOS",
        "repo": "nixpkgs",
        "rev": "ea4c80b39be4c09702b0cb3b42eab59e2ba4f24b",
        "type": "github"
      },
      "original": {
        "owner": "NixOS",
        "ref": "nixos-22.11",
        "repo": "nixpkgs",
        "type": "github"
      }
    },
    "pdfs": {
      "inputs": {
        "flake-utils": [
          "website",
          "flake-utils"
        ],
        "nixpkgs": [
          "website",
          "nixpkgs"
        ],
        "scripts": "scripts_3"
      },
      "locked": {
        "lastModified": 1725713640,
        "narHash": "sha256-JBTpmQn3Gg3scVUUyLuks1gX+EzkctD+ZN3CBsxXuwQ=",
        "owner": "Smaug123",
        "repo": "static-site-pdfs",
        "rev": "e7133d72e6fab800aa3fd91cab47b6bc6824a0ca",
        "type": "github"
      },
      "original": {
        "owner": "Smaug123",
        "repo": "static-site-pdfs",
        "type": "github"
      }
    },
    "puregym-client": {
      "inputs": {
        "flake-utils": "flake-utils",
        "nixpkgs": [
          "nixpkgs"
        ]
      },
      "locked": {
        "lastModified": 1735068435,
        "narHash": "sha256-MrHKBHzq1tTPGJJC0wRot4huqtr5+sW8uv+Ffx4WUqk=",
        "ref": "refs/heads/main",
        "rev": "6b2ebdffba31ae37a897c2f2f3d7534041b52ca6",
        "revCount": 20,
        "type": "git",
        "url": "https://gitea.patrickstevens.co.uk/patrick/puregym-unofficial-dotnet"
      },
      "original": {
        "type": "git",
        "url": "https://gitea.patrickstevens.co.uk/patrick/puregym-unofficial-dotnet"
      }
    },
    "root": {
      "inputs": {
        "home-manager": "home-manager",
        "nixpkgs": "nixpkgs",
        "puregym-client": "puregym-client",
        "sops": "sops",
        "website": "website",
        "whisper-packages": "whisper-packages"
      }
    },
    "scripts": {
      "locked": {
        "lastModified": 1696031019,
        "narHash": "sha256-MuKEC8ZZ1Znm2idxQEQYU18z/1l9rjBZaj5gdKd9elQ=",
        "owner": "Smaug123",
        "repo": "flake-shell-script",
        "rev": "05cc0582a193d3b42b6b4e64c6ec7a9bca4bb3c5",
        "type": "github"
      },
      "original": {
        "owner": "Smaug123",
        "repo": "flake-shell-script",
        "type": "github"
      }
    },
    "scripts_2": {
      "locked": {
        "lastModified": 1696031019,
        "narHash": "sha256-MuKEC8ZZ1Znm2idxQEQYU18z/1l9rjBZaj5gdKd9elQ=",
        "owner": "Smaug123",
        "repo": "flake-shell-script",
        "rev": "05cc0582a193d3b42b6b4e64c6ec7a9bca4bb3c5",
        "type": "github"
      },
      "original": {
        "owner": "Smaug123",
        "repo": "flake-shell-script",
        "type": "github"
      }
    },
    "scripts_3": {
      "locked": {
        "lastModified": 1696031019,
        "narHash": "sha256-MuKEC8ZZ1Znm2idxQEQYU18z/1l9rjBZaj5gdKd9elQ=",
        "owner": "Smaug123",
        "repo": "flake-shell-script",
        "rev": "05cc0582a193d3b42b6b4e64c6ec7a9bca4bb3c5",
        "type": "github"
      },
      "original": {
        "owner": "Smaug123",
        "repo": "flake-shell-script",
        "type": "github"
      }
    },
    "scripts_4": {
      "locked": {
        "lastModified": 1696031019,
        "narHash": "sha256-MuKEC8ZZ1Znm2idxQEQYU18z/1l9rjBZaj5gdKd9elQ=",
        "owner": "Smaug123",
        "repo": "flake-shell-script",
        "rev": "05cc0582a193d3b42b6b4e64c6ec7a9bca4bb3c5",
        "type": "github"
      },
      "original": {
        "owner": "Smaug123",
        "repo": "flake-shell-script",
        "type": "github"
      }
    },
    "sops": {
      "inputs": {
        "nixpkgs": [
          "nixpkgs"
        ]
      },
      "locked": {
        "lastModified": 1734546875,
        "narHash": "sha256-6OvJbqQ6qPpNw3CA+W8Myo5aaLhIJY/nNFDk3zMXLfM=",
        "owner": "Mic92",
        "repo": "sops-nix",
        "rev": "ed091321f4dd88afc28b5b4456e0a15bd8374b4d",
        "type": "github"
      },
      "original": {
        "owner": "Mic92",
        "repo": "sops-nix",
        "type": "github"
      }
    },
    "systems": {
      "locked": {
        "lastModified": 1681028828,
        "narHash": "sha256-Vy1rq5AaRuLzOxct8nz4T6wlgyUR7zLU309k9mBC768=",
        "owner": "nix-systems",
        "repo": "default",
        "rev": "da67096a3b9bf56a91d16901293e51ba5b49a27e",
        "type": "github"
      },
      "original": {
        "owner": "nix-systems",
        "repo": "default",
        "type": "github"
      }
    },
    "systems_2": {
      "locked": {
        "lastModified": 1681028828,
        "narHash": "sha256-Vy1rq5AaRuLzOxct8nz4T6wlgyUR7zLU309k9mBC768=",
        "owner": "nix-systems",
        "repo": "default",
        "rev": "da67096a3b9bf56a91d16901293e51ba5b49a27e",
        "type": "github"
      },
      "original": {
        "owner": "nix-systems",
        "repo": "default",
        "type": "github"
      }
    },
    "systems_3": {
      "locked": {
        "lastModified": 1681028828,
        "narHash": "sha256-Vy1rq5AaRuLzOxct8nz4T6wlgyUR7zLU309k9mBC768=",
        "owner": "nix-systems",
        "repo": "default",
        "rev": "da67096a3b9bf56a91d16901293e51ba5b49a27e",
        "type": "github"
      },
      "original": {
        "owner": "nix-systems",
        "repo": "default",
        "type": "github"
      }
    },
    "systems_4": {
      "locked": {
        "lastModified": 1681028828,
        "narHash": "sha256-Vy1rq5AaRuLzOxct8nz4T6wlgyUR7zLU309k9mBC768=",
        "owner": "nix-systems",
        "repo": "default",
        "rev": "da67096a3b9bf56a91d16901293e51ba5b49a27e",
        "type": "github"
      },
      "original": {
        "owner": "nix-systems",
        "repo": "default",
        "type": "github"
      }
    },
    "systems_5": {
      "locked": {
        "lastModified": 1681028828,
        "narHash": "sha256-Vy1rq5AaRuLzOxct8nz4T6wlgyUR7zLU309k9mBC768=",
        "owner": "nix-systems",
        "repo": "default",
        "rev": "da67096a3b9bf56a91d16901293e51ba5b49a27e",
        "type": "github"
      },
      "original": {
        "owner": "nix-systems",
        "repo": "default",
        "type": "github"
      }
    },
    "website": {
      "inputs": {
        "anki-decks": "anki-decks",
        "extra-content": "extra-content",
        "flake-utils": "flake-utils_3",
        "images": "images",
        "katex": "katex",
        "nixpkgs": [
          "nixpkgs"
        ],
        "pdfs": "pdfs",
        "scripts": "scripts_4"
      },
      "locked": {
        "lastModified": 1732825076,
        "narHash": "sha256-EfywHLXIizb9UjxIKzuEeaSXmPjkxELvQhVfNpyuiRI=",
        "owner": "Smaug123",
        "repo": "static-site-pipeline",
        "rev": "1475932c4305aa70483fb655b9f021c4d0a5a09e",
        "type": "github"
      },
      "original": {
        "owner": "Smaug123",
        "repo": "static-site-pipeline",
        "type": "github"
      }
    },
    "whisper-packages": {
      "inputs": {
        "flake-utils": "flake-utils_5",
        "model": "model",
        "nixpkgs": [
          "nixpkgs"
        ]
      },
      "locked": {
        "lastModified": 1706487294,
        "narHash": "sha256-h5Ptbc6Kks4zZllR2nHnbVPJAJyYOAHEqGyEBFNMvzE=",
        "owner": "Smaug123",
        "repo": "whisper.cpp",
        "rev": "96214a91134021ad6416f06cb7d35419a73b302c",
        "type": "github"
      },
      "original": {
        "owner": "Smaug123",
        "ref": "nix-small",
        "repo": "whisper.cpp",
        "type": "github"
      }
    }
  },
  "root": "root",
  "version": 7
}
