{
  "nodes": {
    "anki-compiler": {
      "inputs": {
        "flake-utils": "flake-utils_2",
        "nixpkgs": "nixpkgs_4"
      },
      "locked": {
        "lastModified": 1694219801,
        "narHash": "sha256-8KFSy+R0nwUeZ3U2WYvRRjEYEk8iLXwWM9onvz5pixE=",
        "owner": "Smaug123",
        "repo": "anki-dotnet",
        "rev": "8d1904d5cea06c8c20f5712ba865ace2d61b6255",
        "type": "github"
      },
      "original": {
        "owner": "Smaug123",
        "repo": "anki-dotnet",
        "type": "github"
      }
    },
    "anki-decks": {
      "inputs": {
        "anki-compiler": "anki-compiler",
        "flake-utils": [
          "website",
          "flake-utils"
        ],
        "nixpkgs": [
          "website",
          "nixpkgs"
        ],
        "scripts": "scripts"
      },
      "locked": {
        "lastModified": 1696031308,
        "narHash": "sha256-/vFFNkM76WlcddKZQ8iExpuG/lae0pLHCMGI6OzD9es=",
        "owner": "Smaug123",
        "repo": "anki-decks",
        "rev": "5e7cb415aa656c85fe042b1c79b386efe862a7cc",
        "type": "github"
      },
      "original": {
        "owner": "Smaug123",
        "repo": "anki-decks",
        "type": "github"
      }
    },
    "extra-content": {
      "flake": false,
      "locked": {
        "lastModified": 1694359899,
        "narHash": "sha256-zqso6yrZLMvhEWBrffXMTvirHeX/CWy0HmfCpC+FFXE=",
        "path": "/Users/patrick/Desktop/website/extra-site-content",
        "type": "path"
      },
      "original": {
        "path": "/Users/patrick/Desktop/website/extra-site-content",
        "type": "path"
      }
    },
    "flake-utils": {
      "inputs": {
        "systems": "systems"
      },
      "locked": {
        "lastModified": 1701680307,
        "narHash": "sha256-kAuep2h5ajznlPMD9rnQyffWG8EM/C73lejGofXvdM8=",
        "owner": "numtide",
        "repo": "flake-utils",
        "rev": "4022d587cbbfd70fe950c1e2083a02621806a725",
        "type": "github"
      },
      "original": {
        "owner": "numtide",
        "repo": "flake-utils",
        "type": "github"
      }
    },
    "flake-utils_2": {
      "inputs": {
        "systems": "systems_2"
      },
      "locked": {
        "lastModified": 1692799911,
        "narHash": "sha256-3eihraek4qL744EvQXsK1Ha6C3CR7nnT8X2qWap4RNk=",
        "owner": "numtide",
        "repo": "flake-utils",
        "rev": "f9e7cf818399d17d347f847525c5a5a8032e4e44",
        "type": "github"
      },
      "original": {
        "owner": "numtide",
        "repo": "flake-utils",
        "type": "github"
      }
    },
    "flake-utils_3": {
      "inputs": {
        "systems": "systems_3"
      },
      "locked": {
        "lastModified": 1710146030,
        "narHash": "sha256-SZ5L6eA7HJ/nmkzGG7/ISclqe6oZdOZTNoesiInkXPQ=",
        "owner": "numtide",
        "repo": "flake-utils",
        "rev": "b1d9ab70662946ef0850d488da1c9019f3a9752a",
        "type": "github"
      },
      "original": {
        "owner": "numtide",
        "repo": "flake-utils",
        "type": "github"
      }
    },
    "flake-utils_4": {
      "inputs": {
        "systems": "systems_4"
      },
      "locked": {
        "lastModified": 1694529238,
        "narHash": "sha256-zsNZZGTGnMOf9YpHKJqMSsa0dXbfmxeoJ7xHlrt+xmY=",
        "owner": "numtide",
        "repo": "flake-utils",
        "rev": "ff7b65b44d01cf9ba6a71320833626af21126384",
        "type": "github"
      },
      "original": {
        "owner": "numtide",
        "repo": "flake-utils",
        "type": "github"
      }
    },
    "flake-utils_5": {
      "inputs": {
        "systems": "systems_5"
      },
      "locked": {
        "lastModified": 1701680307,
        "narHash": "sha256-kAuep2h5ajznlPMD9rnQyffWG8EM/C73lejGofXvdM8=",
        "owner": "numtide",
        "repo": "flake-utils",
        "rev": "4022d587cbbfd70fe950c1e2083a02621806a725",
        "type": "github"
      },
      "original": {
        "owner": "numtide",
        "repo": "flake-utils",
        "type": "github"
      }
    },
    "home-manager": {
      "inputs": {
        "nixpkgs": [
          "nixpkgs"
        ]
      },
      "locked": {
        "lastModified": 1711133180,
        "narHash": "sha256-WJOahf+6115+GMl3wUfURu8fszuNeJLv9qAWFQl3Vmo=",
        "owner": "nix-community",
        "repo": "home-manager",
        "rev": "1c2c5e4cabba4c43504ef0f8cc3f3dfa284e2dbb",
        "type": "github"
      },
      "original": {
        "owner": "nix-community",
        "repo": "home-manager",
        "type": "github"
      }
    },
    "images": {
      "inputs": {
        "flake-utils": [
          "website",
          "flake-utils"
        ],
        "nixpkgs": [
          "website",
          "nixpkgs"
        ],
        "scripts": "scripts_2"
      },
      "locked": {
        "lastModified": 1710545132,
        "narHash": "sha256-73ISG6KO966t2gvfhLolCy9XvJbjmFiGwxjaAyD3vkg=",
        "ref": "refs/heads/main",
        "rev": "8fcf3013c0480e3d7c4b55e2f8f5dc7afde51ade",
        "revCount": 23,
        "type": "git",
        "url": "file:/Users/patrick/Desktop/website/static-site-images"
      },
      "original": {
        "type": "git",
        "url": "file:/Users/patrick/Desktop/website/static-site-images"
      }
    },
    "katex": {
      "inputs": {
        "flake-utils": "flake-utils_4",
        "nixpkgs": "nixpkgs_5"
      },
      "locked": {
        "lastModified": 1704150937,
        "narHash": "sha256-G6uJKkY5VErgobe51IIbp/ugHDIhVx5e0xNjJ90JEOk=",
        "owner": "Smaug123",
        "repo": "KaTeX",
        "rev": "b74ed701beec2bebd161a0b5ea30c496c5206b96",
        "type": "github"
      },
      "original": {
        "owner": "Smaug123",
        "ref": "nix",
        "repo": "KaTeX",
        "type": "github"
      }
    },
    "model": {
      "flake": false,
      "locked": {
        "narHash": "sha256-CSrDFPoQgkvBW36keGkYpjxz740TBrCKVSxwSnfYvV8=",
        "type": "file",
        "url": "https://huggingface.co/ggerganov/whisper.cpp/resolve/main/ggml-small.bin?download=true"
      },
      "original": {
        "type": "file",
        "url": "https://huggingface.co/ggerganov/whisper.cpp/resolve/main/ggml-small.bin?download=true"
      }
    },
    "nixpkgs": {
      "locked": {
        "lastModified": 1711460390,
        "narHash": "sha256-akSgjDZL6pVHEfSE6sz1DNSXuYX6hq+P/1Z5IoYWs7E=",
        "owner": "NixOS",
        "repo": "nixpkgs",
        "rev": "44733514b72e732bd49f5511bd0203dea9b9a434",
        "type": "github"
      },
      "original": {
        "owner": "NixOS",
        "ref": "nixos-23.11",
        "repo": "nixpkgs",
        "type": "github"
      }
    },
    "nixpkgs-stable": {
      "locked": {
        "lastModified": 1711233294,
        "narHash": "sha256-eEu5y4J145BYDw9o/YEmeJyqh8blgnZwuz9k234zuWc=",
        "owner": "NixOS",
        "repo": "nixpkgs",
        "rev": "ac6bdf6181666ebb4f90dd20f31e2fa66ede6b68",
        "type": "github"
      },
      "original": {
        "owner": "NixOS",
        "ref": "release-23.11",
        "repo": "nixpkgs",
        "type": "github"
      }
    },
    "nixpkgs_2": {
      "locked": {
        "lastModified": 1703792911,
        "narHash": "sha256-BzCq3IiOlTghYtgPngIUnJDeGlRdz4RJGyS9faONrOE=",
        "owner": "nixos",
        "repo": "nixpkgs",
        "rev": "1d17e304ac93dde75178d7ad47abbecc0357c937",
        "type": "github"
      },
      "original": {
        "owner": "nixos",
        "repo": "nixpkgs",
        "type": "github"
      }
    },
    "nixpkgs_3": {
      "locked": {
        "lastModified": 1711200738,
        "narHash": "sha256-dkJmk/ET/tRV4007O6kU101UEg1svUwiyk/zEEX9Tdg=",
        "owner": "NixOS",
        "repo": "nixpkgs",
        "rev": "20bc93ca7b2158ebc99b8cef987a2173a81cde35",
        "type": "github"
      },
      "original": {
        "owner": "NixOS",
        "ref": "nixpkgs-unstable",
        "repo": "nixpkgs",
        "type": "github"
      }
    },
    "nixpkgs_4": {
      "locked": {
        "lastModified": 1694021185,
        "narHash": "sha256-v5Ie83yfsiQgp4GDRZFIsbkctEynfOdNOi67vBH12XM=",
        "owner": "nixos",
        "repo": "nixpkgs",
        "rev": "3e233330d9f88f78c75c2a164a50807e44245007",
        "type": "github"
      },
      "original": {
        "owner": "nixos",
        "repo": "nixpkgs",
        "type": "github"
      }
    },
    "nixpkgs_5": {
      "locked": {
        "lastModified": 1688392541,
        "narHash": "sha256-lHrKvEkCPTUO+7tPfjIcb7Trk6k31rz18vkyqmkeJfY=",
        "owner": "NixOS",
        "repo": "nixpkgs",
        "rev": "ea4c80b39be4c09702b0cb3b42eab59e2ba4f24b",
        "type": "github"
      },
      "original": {
        "owner": "NixOS",
        "ref": "nixos-22.11",
        "repo": "nixpkgs",
        "type": "github"
      }
    },
    "nixpkgs_6": {
      "locked": {
        "lastModified": 1695033101,
        "narHash": "sha256-RQ4m+ycjdLdass7Hr4+Lzwnjw7wGhcUkKqWiJS3YxPM=",
        "owner": "nixos",
        "repo": "nixpkgs",
        "rev": "d941d9491804e0ca01e03468dbf6f8d3a7919a16",
        "type": "github"
      },
      "original": {
        "owner": "nixos",
        "repo": "nixpkgs",
        "type": "github"
      }
    },
    "pdfs": {
      "inputs": {
        "flake-utils": [
          "website",
          "flake-utils"
        ],
        "nixpkgs": [
          "website",
          "nixpkgs"
        ],
        "scripts": "scripts_3"
      },
      "locked": {
        "lastModified": 1712591670,
        "narHash": "sha256-mJCxLFGq4fGk74L3vC7ltwkXno1JEeA/aKWew426imk=",
        "owner": "Smaug123",
        "repo": "static-site-pdfs",
        "rev": "34f4df8719b89d56ea1ba446488a0a16835a9acb",
        "type": "github"
      },
      "original": {
        "owner": "Smaug123",
        "repo": "static-site-pdfs",
        "type": "github"
      }
    },
    "puregym-client": {
      "inputs": {
        "flake-utils": "flake-utils",
        "nixpkgs": "nixpkgs_2"
      },
      "locked": {
        "lastModified": 1707775682,
        "narHash": "sha256-cLIgwrkNAkJpTgKdzU0qaWwy8rClqIBYYjOm/UHprcg=",
        "ref": "refs/heads/main",
        "rev": "419f27053f92ad0f0e42874cdc584fb0cca534e3",
        "revCount": 12,
        "type": "git",
        "url": "https://gitea.patrickstevens.co.uk/patrick/puregym-unofficial-dotnet"
      },
      "original": {
        "type": "git",
        "url": "https://gitea.patrickstevens.co.uk/patrick/puregym-unofficial-dotnet"
      }
    },
    "root": {
      "inputs": {
        "home-manager": "home-manager",
        "nixpkgs": "nixpkgs",
        "puregym-client": "puregym-client",
        "sops": "sops",
        "website": "website",
        "whisper-packages": "whisper-packages"
      }
    },
    "scripts": {
      "locked": {
        "lastModified": 1696031019,
        "narHash": "sha256-MuKEC8ZZ1Znm2idxQEQYU18z/1l9rjBZaj5gdKd9elQ=",
        "owner": "Smaug123",
        "repo": "flake-shell-script",
        "rev": "05cc0582a193d3b42b6b4e64c6ec7a9bca4bb3c5",
        "type": "github"
      },
      "original": {
        "owner": "Smaug123",
        "repo": "flake-shell-script",
        "type": "github"
      }
    },
    "scripts_2": {
      "locked": {
        "lastModified": 1696031019,
        "narHash": "sha256-MuKEC8ZZ1Znm2idxQEQYU18z/1l9rjBZaj5gdKd9elQ=",
        "owner": "Smaug123",
        "repo": "flake-shell-script",
        "rev": "05cc0582a193d3b42b6b4e64c6ec7a9bca4bb3c5",
        "type": "github"
      },
      "original": {
        "owner": "Smaug123",
        "repo": "flake-shell-script",
        "type": "github"
      }
    },
    "scripts_3": {
      "locked": {
        "lastModified": 1696031019,
        "narHash": "sha256-MuKEC8ZZ1Znm2idxQEQYU18z/1l9rjBZaj5gdKd9elQ=",
        "owner": "Smaug123",
        "repo": "flake-shell-script",
        "rev": "05cc0582a193d3b42b6b4e64c6ec7a9bca4bb3c5",
        "type": "github"
      },
      "original": {
        "owner": "Smaug123",
        "repo": "flake-shell-script",
        "type": "github"
      }
    },
    "scripts_4": {
      "locked": {
        "lastModified": 1696031019,
        "narHash": "sha256-MuKEC8ZZ1Znm2idxQEQYU18z/1l9rjBZaj5gdKd9elQ=",
        "owner": "Smaug123",
        "repo": "flake-shell-script",
        "rev": "05cc0582a193d3b42b6b4e64c6ec7a9bca4bb3c5",
        "type": "github"
      },
      "original": {
        "owner": "Smaug123",
        "repo": "flake-shell-script",
        "type": "github"
      }
    },
    "sops": {
      "inputs": {
        "nixpkgs": "nixpkgs_3",
        "nixpkgs-stable": "nixpkgs-stable"
      },
      "locked": {
        "lastModified": 1711249319,
        "narHash": "sha256-N+Pp3/8H+rd7cO71VNV/ovV/Kwt+XNeUHNhsmyTabdM=",
        "owner": "Mic92",
        "repo": "sops-nix",
        "rev": "405987a66cce9a4a82f321f11b205982a7127c88",
        "type": "github"
      },
      "original": {
        "owner": "Mic92",
        "repo": "sops-nix",
        "type": "github"
      }
    },
    "systems": {
      "locked": {
        "lastModified": 1681028828,
        "narHash": "sha256-Vy1rq5AaRuLzOxct8nz4T6wlgyUR7zLU309k9mBC768=",
        "owner": "nix-systems",
        "repo": "default",
        "rev": "da67096a3b9bf56a91d16901293e51ba5b49a27e",
        "type": "github"
      },
      "original": {
        "owner": "nix-systems",
        "repo": "default",
        "type": "github"
      }
    },
    "systems_2": {
      "locked": {
        "lastModified": 1681028828,
        "narHash": "sha256-Vy1rq5AaRuLzOxct8nz4T6wlgyUR7zLU309k9mBC768=",
        "owner": "nix-systems",
        "repo": "default",
        "rev": "da67096a3b9bf56a91d16901293e51ba5b49a27e",
        "type": "github"
      },
      "original": {
        "owner": "nix-systems",
        "repo": "default",
        "type": "github"
      }
    },
    "systems_3": {
      "locked": {
        "lastModified": 1681028828,
        "narHash": "sha256-Vy1rq5AaRuLzOxct8nz4T6wlgyUR7zLU309k9mBC768=",
        "owner": "nix-systems",
        "repo": "default",
        "rev": "da67096a3b9bf56a91d16901293e51ba5b49a27e",
        "type": "github"
      },
      "original": {
        "owner": "nix-systems",
        "repo": "default",
        "type": "github"
      }
    },
    "systems_4": {
      "locked": {
        "lastModified": 1681028828,
        "narHash": "sha256-Vy1rq5AaRuLzOxct8nz4T6wlgyUR7zLU309k9mBC768=",
        "owner": "nix-systems",
        "repo": "default",
        "rev": "da67096a3b9bf56a91d16901293e51ba5b49a27e",
        "type": "github"
      },
      "original": {
        "owner": "nix-systems",
        "repo": "default",
        "type": "github"
      }
    },
    "systems_5": {
      "locked": {
        "lastModified": 1681028828,
        "narHash": "sha256-Vy1rq5AaRuLzOxct8nz4T6wlgyUR7zLU309k9mBC768=",
        "owner": "nix-systems",
        "repo": "default",
        "rev": "da67096a3b9bf56a91d16901293e51ba5b49a27e",
        "type": "github"
      },
      "original": {
        "owner": "nix-systems",
        "repo": "default",
        "type": "github"
      }
    },
    "website": {
      "inputs": {
        "anki-decks": "anki-decks",
        "extra-content": "extra-content",
        "flake-utils": "flake-utils_3",
        "images": "images",
        "katex": "katex",
        "nixpkgs": [
          "nixpkgs"
        ],
        "pdfs": "pdfs",
        "scripts": "scripts_4"
      },
      "locked": {
        "lastModified": 1713124496,
        "narHash": "sha256-5uAGOUYzi5BLAoilaYNfQezMb1TDaDN7aH7hQsezZLI=",
        "owner": "Smaug123",
        "repo": "static-site-pipeline",
        "rev": "4caf4ee1e6bc94e663ab0e15c7ae0ff666ce6232",
        "type": "github"
      },
      "original": {
        "owner": "Smaug123",
        "repo": "static-site-pipeline",
        "type": "github"
      }
    },
    "whisper-packages": {
      "inputs": {
        "flake-utils": "flake-utils_5",
        "model": "model",
        "nixpkgs": "nixpkgs_6"
      },
      "locked": {
        "lastModified": 1706487294,
        "narHash": "sha256-h5Ptbc6Kks4zZllR2nHnbVPJAJyYOAHEqGyEBFNMvzE=",
        "owner": "Smaug123",
        "repo": "whisper.cpp",
        "rev": "96214a91134021ad6416f06cb7d35419a73b302c",
        "type": "github"
      },
      "original": {
        "owner": "Smaug123",
        "ref": "nix-small",
        "repo": "whisper.cpp",
        "type": "github"
      }
    }
  },
  "root": "root",
  "version": 7
}
