{
  "nodes": {
    "anki-compiler": {
      "inputs": {
        "flake-utils": "flake-utils_4",
        "nixpkgs": "nixpkgs_2"
      },
      "locked": {
        "lastModified": 1694219801,
        "narHash": "sha256-8KFSy+R0nwUeZ3U2WYvRRjEYEk8iLXwWM9onvz5pixE=",
        "owner": "Smaug123",
        "repo": "anki-dotnet",
        "rev": "8d1904d5cea06c8c20f5712ba865ace2d61b6255",
        "type": "github"
      },
      "original": {
        "owner": "Smaug123",
        "repo": "anki-dotnet",
        "type": "github"
      }
    },
    "anki-decks": {
      "inputs": {
        "anki-compiler": "anki-compiler",
        "flake-utils": [
          "website",
          "flake-utils"
        ],
        "nixpkgs": [
          "website",
          "nixpkgs"
        ],
        "scripts": "scripts"
      },
      "locked": {
        "lastModified": 1696031308,
        "narHash": "sha256-/vFFNkM76WlcddKZQ8iExpuG/lae0pLHCMGI6OzD9es=",
        "owner": "Smaug123",
        "repo": "anki-decks",
        "rev": "5e7cb415aa656c85fe042b1c79b386efe862a7cc",
        "type": "github"
      },
      "original": {
        "owner": "Smaug123",
        "repo": "anki-decks",
        "type": "github"
      }
    },
    "extra-content": {
      "flake": false,
      "locked": {
        "lastModified": 1694359899,
        "narHash": "sha256-zqso6yrZLMvhEWBrffXMTvirHeX/CWy0HmfCpC+FFXE=",
        "path": "/Users/patrick/Desktop/website/extra-site-content",
        "type": "path"
      },
      "original": {
        "path": "/Users/patrick/Desktop/website/extra-site-content",
        "type": "path"
      }
    },
    "flake-utils": {
      "inputs": {
        "systems": "systems"
      },
      "locked": {
        "lastModified": 1731533236,
        "narHash": "sha256-l0KFg5HjrsfsO/JpG+r7fRrqm12kzFHyUHqHCVpMMbI=",
        "owner": "numtide",
        "repo": "flake-utils",
        "rev": "11707dc2f618dd54ca8739b309ec4fc024de578b",
        "type": "github"
      },
      "original": {
        "owner": "numtide",
        "repo": "flake-utils",
        "type": "github"
      }
    },
    "flake-utils_2": {
      "inputs": {
        "systems": "systems_2"
      },
      "locked": {
        "lastModified": 1731533236,
        "narHash": "sha256-l0KFg5HjrsfsO/JpG+r7fRrqm12kzFHyUHqHCVpMMbI=",
        "owner": "numtide",
        "repo": "flake-utils",
        "rev": "11707dc2f618dd54ca8739b309ec4fc024de578b",
        "type": "github"
      },
      "original": {
        "owner": "numtide",
        "repo": "flake-utils",
        "type": "github"
      }
    },
    "flake-utils_3": {
      "inputs": {
        "systems": "systems_3"
      },
      "locked": {
        "lastModified": 1731533236,
        "narHash": "sha256-l0KFg5HjrsfsO/JpG+r7fRrqm12kzFHyUHqHCVpMMbI=",
        "owner": "numtide",
        "repo": "flake-utils",
        "rev": "11707dc2f618dd54ca8739b309ec4fc024de578b",
        "type": "github"
      },
      "original": {
        "owner": "numtide",
        "repo": "flake-utils",
        "type": "github"
      }
    },
    "flake-utils_4": {
      "inputs": {
        "systems": "systems_4"
      },
      "locked": {
        "lastModified": 1692799911,
        "narHash": "sha256-3eihraek4qL744EvQXsK1Ha6C3CR7nnT8X2qWap4RNk=",
        "owner": "numtide",
        "repo": "flake-utils",
        "rev": "f9e7cf818399d17d347f847525c5a5a8032e4e44",
        "type": "github"
      },
      "original": {
        "owner": "numtide",
        "repo": "flake-utils",
        "type": "github"
      }
    },
    "flake-utils_5": {
      "inputs": {
        "systems": "systems_5"
      },
      "locked": {
        "lastModified": 1731533236,
        "narHash": "sha256-l0KFg5HjrsfsO/JpG+r7fRrqm12kzFHyUHqHCVpMMbI=",
        "owner": "numtide",
        "repo": "flake-utils",
        "rev": "11707dc2f618dd54ca8739b309ec4fc024de578b",
        "type": "github"
      },
      "original": {
        "owner": "numtide",
        "repo": "flake-utils",
        "type": "github"
      }
    },
    "flake-utils_6": {
      "inputs": {
        "systems": "systems_6"
      },
      "locked": {
        "lastModified": 1694529238,
        "narHash": "sha256-zsNZZGTGnMOf9YpHKJqMSsa0dXbfmxeoJ7xHlrt+xmY=",
        "owner": "numtide",
        "repo": "flake-utils",
        "rev": "ff7b65b44d01cf9ba6a71320833626af21126384",
        "type": "github"
      },
      "original": {
        "owner": "numtide",
        "repo": "flake-utils",
        "type": "github"
      }
    },
    "flake-utils_7": {
      "inputs": {
        "systems": "systems_7"
      },
      "locked": {
        "lastModified": 1701680307,
        "narHash": "sha256-kAuep2h5ajznlPMD9rnQyffWG8EM/C73lejGofXvdM8=",
        "owner": "numtide",
        "repo": "flake-utils",
        "rev": "4022d587cbbfd70fe950c1e2083a02621806a725",
        "type": "github"
      },
      "original": {
        "owner": "numtide",
        "repo": "flake-utils",
        "type": "github"
      }
    },
    "home-manager": {
      "inputs": {
        "nixpkgs": [
          "nixpkgs"
        ]
      },
      "locked": {
        "lastModified": 1766850854,
        "narHash": "sha256-asWZx7X5FRrna8ntfE0+vTBUIPLth8R8bckbOpfT3Us=",
        "owner": "nix-community",
        "repo": "home-manager",
        "rev": "2d36a6de2fee5cd232b0a28137d95541c21eb7f0",
        "type": "github"
      },
      "original": {
        "owner": "nix-community",
        "repo": "home-manager",
        "type": "github"
      }
    },
    "images": {
      "inputs": {
        "flake-utils": [
          "website",
          "flake-utils"
        ],
        "nixpkgs": [
          "website",
          "nixpkgs"
        ],
        "scripts": "scripts_2"
      },
      "locked": {
        "lastModified": 1763240594,
        "narHash": "sha256-GRO60tGMtFmub9BpWh4CG/EUEpY0XJPRf1y4X+KmDac=",
        "ref": "refs/heads/main",
        "rev": "8c1d5b008b735bc08286cbdd5258cac048e21cd2",
        "revCount": 25,
        "type": "git",
        "url": "file:/Users/patrick/Desktop/website/static-site-images"
      },
      "original": {
        "type": "git",
        "url": "file:/Users/patrick/Desktop/website/static-site-images"
      }
    },
    "katex": {
      "inputs": {
        "flake-utils": "flake-utils_6",
        "nixpkgs": "nixpkgs_3"
      },
      "locked": {
        "lastModified": 1704150937,
        "narHash": "sha256-G6uJKkY5VErgobe51IIbp/ugHDIhVx5e0xNjJ90JEOk=",
        "owner": "Smaug123",
        "repo": "KaTeX",
        "rev": "b74ed701beec2bebd161a0b5ea30c496c5206b96",
        "type": "github"
      },
      "original": {
        "owner": "Smaug123",
        "ref": "nix",
        "repo": "KaTeX",
        "type": "github"
      }
    },
    "model": {
      "flake": false,
      "locked": {
        "narHash": "sha256-CSrDFPoQgkvBW36keGkYpjxz740TBrCKVSxwSnfYvV8=",
        "type": "file",
        "url": "https://huggingface.co/ggerganov/whisper.cpp/resolve/main/ggml-small.bin?download=true"
      },
      "original": {
        "type": "file",
        "url": "https://huggingface.co/ggerganov/whisper.cpp/resolve/main/ggml-small.bin?download=true"
      }
    },
    "nixpkgs": {
      "locked": {
        "lastModified": 1766651565,
        "narHash": "sha256-QEhk0eXgyIqTpJ/ehZKg9IKS7EtlWxF3N7DXy42zPfU=",
        "owner": "NixOS",
        "repo": "nixpkgs",
        "rev": "3e2499d5539c16d0d173ba53552a4ff8547f4539",
        "type": "github"
      },
      "original": {
        "owner": "NixOS",
        "ref": "nixos-unstable",
        "repo": "nixpkgs",
        "type": "github"
      }
    },
    "nixpkgs_2": {
      "locked": {
        "lastModified": 1694021185,
        "narHash": "sha256-v5Ie83yfsiQgp4GDRZFIsbkctEynfOdNOi67vBH12XM=",
        "owner": "nixos",
        "repo": "nixpkgs",
        "rev": "3e233330d9f88f78c75c2a164a50807e44245007",
        "type": "github"
      },
      "original": {
        "owner": "nixos",
        "repo": "nixpkgs",
        "type": "github"
      }
    },
    "nixpkgs_3": {
      "locked": {
        "lastModified": 1688392541,
        "narHash": "sha256-lHrKvEkCPTUO+7tPfjIcb7Trk6k31rz18vkyqmkeJfY=",
        "owner": "NixOS",
        "repo": "nixpkgs",
        "rev": "ea4c80b39be4c09702b0cb3b42eab59e2ba4f24b",
        "type": "github"
      },
      "original": {
        "owner": "NixOS",
        "ref": "nixos-22.11",
        "repo": "nixpkgs",
        "type": "github"
      }
    },
    "pdfs": {
      "inputs": {
        "flake-utils": [
          "website",
          "flake-utils"
        ],
        "nixpkgs": [
          "website",
          "nixpkgs"
        ],
        "scripts": "scripts_3"
      },
      "locked": {
        "lastModified": 1763240505,
        "narHash": "sha256-mgcN6lvXPzFp8533ub/T2N6G8ko6thlg6zbZqYaZHcQ=",
        "owner": "Smaug123",
        "repo": "static-site-pdfs",
        "rev": "c54f99c0e029dfbf66cfe9620dbe29633a50fcb1",
        "type": "github"
      },
      "original": {
        "owner": "Smaug123",
        "repo": "static-site-pdfs",
        "type": "github"
      }
    },
    "puregym-client": {
      "inputs": {
        "flake-utils": "flake-utils",
        "nixpkgs": [
          "nixpkgs"
        ]
      },
      "locked": {
        "lastModified": 1767092819,
        "narHash": "sha256-A2VpPln1SB/ZbgTdU+s9JANSP4c9ZSSGzobsHSNGVFA=",
        "ref": "refs/heads/main",
        "rev": "63835ecfba1e4683368b7cd4ed5d55abfed982e1",
        "revCount": 24,
        "type": "git",
        "url": "https://gitea.patrickstevens.co.uk/patrick/puregym-unofficial-dotnet"
      },
      "original": {
        "type": "git",
        "url": "https://gitea.patrickstevens.co.uk/patrick/puregym-unofficial-dotnet"
      }
    },
    "robocop": {
      "inputs": {
        "flake-utils": "flake-utils_2",
        "nixpkgs": [
          "nixpkgs"
        ],
        "rust-overlay": "rust-overlay"
      },
      "locked": {
        "lastModified": 1767301416,
        "narHash": "sha256-DJsxHdrXc2wSzEIXU5quJnI/XNrAdKK4vwfSNZsS7/Y=",
        "owner": "Smaug123",
        "repo": "robocop",
        "rev": "06ed6f380c0084d6ada72bf0e2fdcd9454bdd327",
        "type": "github"
      },
      "original": {
        "owner": "Smaug123",
        "repo": "robocop",
        "type": "github"
      }
    },
    "robocop-dashboard": {
      "inputs": {
        "flake-utils": "flake-utils_3",
        "nixpkgs": [
          "nixpkgs"
        ]
      },
      "locked": {
        "lastModified": 1766932400,
        "narHash": "sha256-q/DO1XuPjRFDxud/ClRMfkzJ5gMRqKaIqCM+evXXQuU=",
        "owner": "Smaug123",
        "repo": "robocop-dashboard",
        "rev": "babd5813ed68d60095c1f84694f18b932d0f0ef3",
        "type": "github"
      },
      "original": {
        "owner": "Smaug123",
        "repo": "robocop-dashboard",
        "type": "github"
      }
    },
    "root": {
      "inputs": {
        "home-manager": "home-manager",
        "nixpkgs": "nixpkgs",
        "puregym-client": "puregym-client",
        "robocop": "robocop",
        "robocop-dashboard": "robocop-dashboard",
        "sops": "sops",
        "website": "website",
        "whisper-packages": "whisper-packages"
      }
    },
    "rust-overlay": {
      "inputs": {
        "nixpkgs": [
          "robocop",
          "nixpkgs"
        ]
      },
      "locked": {
        "lastModified": 1766544144,
        "narHash": "sha256-5ppfEyZqX6FMluZHty7Dvw4xN10vLq1yQosp7dGG/28=",
        "owner": "oxalica",
        "repo": "rust-overlay",
        "rev": "5359a4fdc3fa9baa2edcf49758d404dfeeca7743",
        "type": "github"
      },
      "original": {
        "owner": "oxalica",
        "repo": "rust-overlay",
        "type": "github"
      }
    },
    "scripts": {
      "locked": {
        "lastModified": 1696031019,
        "narHash": "sha256-MuKEC8ZZ1Znm2idxQEQYU18z/1l9rjBZaj5gdKd9elQ=",
        "owner": "Smaug123",
        "repo": "flake-shell-script",
        "rev": "05cc0582a193d3b42b6b4e64c6ec7a9bca4bb3c5",
        "type": "github"
      },
      "original": {
        "owner": "Smaug123",
        "repo": "flake-shell-script",
        "type": "github"
      }
    },
    "scripts_2": {
      "locked": {
        "lastModified": 1696031019,
        "narHash": "sha256-MuKEC8ZZ1Znm2idxQEQYU18z/1l9rjBZaj5gdKd9elQ=",
        "owner": "Smaug123",
        "repo": "flake-shell-script",
        "rev": "05cc0582a193d3b42b6b4e64c6ec7a9bca4bb3c5",
        "type": "github"
      },
      "original": {
        "owner": "Smaug123",
        "repo": "flake-shell-script",
        "type": "github"
      }
    },
    "scripts_3": {
      "locked": {
        "lastModified": 1696031019,
        "narHash": "sha256-MuKEC8ZZ1Znm2idxQEQYU18z/1l9rjBZaj5gdKd9elQ=",
        "owner": "Smaug123",
        "repo": "flake-shell-script",
        "rev": "05cc0582a193d3b42b6b4e64c6ec7a9bca4bb3c5",
        "type": "github"
      },
      "original": {
        "owner": "Smaug123",
        "repo": "flake-shell-script",
        "type": "github"
      }
    },
    "scripts_4": {
      "locked": {
        "lastModified": 1696031019,
        "narHash": "sha256-MuKEC8ZZ1Znm2idxQEQYU18z/1l9rjBZaj5gdKd9elQ=",
        "owner": "Smaug123",
        "repo": "flake-shell-script",
        "rev": "05cc0582a193d3b42b6b4e64c6ec7a9bca4bb3c5",
        "type": "github"
      },
      "original": {
        "owner": "Smaug123",
        "repo": "flake-shell-script",
        "type": "github"
      }
    },
    "sops": {
      "inputs": {
        "nixpkgs": [
          "nixpkgs"
        ]
      },
      "locked": {
        "lastModified": 1766289575,
        "narHash": "sha256-BOKCwOQQIP4p9z8DasT5r+qjri3x7sPCOq+FTjY8Z+o=",
        "owner": "Mic92",
        "repo": "sops-nix",
        "rev": "9836912e37aef546029e48c8749834735a6b9dad",
        "type": "github"
      },
      "original": {
        "owner": "Mic92",
        "repo": "sops-nix",
        "type": "github"
      }
    },
    "systems": {
      "locked": {
        "lastModified": 1681028828,
        "narHash": "sha256-Vy1rq5AaRuLzOxct8nz4T6wlgyUR7zLU309k9mBC768=",
        "owner": "nix-systems",
        "repo": "default",
        "rev": "da67096a3b9bf56a91d16901293e51ba5b49a27e",
        "type": "github"
      },
      "original": {
        "owner": "nix-systems",
        "repo": "default",
        "type": "github"
      }
    },
    "systems_2": {
      "locked": {
        "lastModified": 1681028828,
        "narHash": "sha256-Vy1rq5AaRuLzOxct8nz4T6wlgyUR7zLU309k9mBC768=",
        "owner": "nix-systems",
        "repo": "default",
        "rev": "da67096a3b9bf56a91d16901293e51ba5b49a27e",
        "type": "github"
      },
      "original": {
        "owner": "nix-systems",
        "repo": "default",
        "type": "github"
      }
    },
    "systems_3": {
      "locked": {
        "lastModified": 1681028828,
        "narHash": "sha256-Vy1rq5AaRuLzOxct8nz4T6wlgyUR7zLU309k9mBC768=",
        "owner": "nix-systems",
        "repo": "default",
        "rev": "da67096a3b9bf56a91d16901293e51ba5b49a27e",
        "type": "github"
      },
      "original": {
        "owner": "nix-systems",
        "repo": "default",
        "type": "github"
      }
    },
    "systems_4": {
      "locked": {
        "lastModified": 1681028828,
        "narHash": "sha256-Vy1rq5AaRuLzOxct8nz4T6wlgyUR7zLU309k9mBC768=",
        "owner": "nix-systems",
        "repo": "default",
        "rev": "da67096a3b9bf56a91d16901293e51ba5b49a27e",
        "type": "github"
      },
      "original": {
        "owner": "nix-systems",
        "repo": "default",
        "type": "github"
      }
    },
    "systems_5": {
      "locked": {
        "lastModified": 1681028828,
        "narHash": "sha256-Vy1rq5AaRuLzOxct8nz4T6wlgyUR7zLU309k9mBC768=",
        "owner": "nix-systems",
        "repo": "default",
        "rev": "da67096a3b9bf56a91d16901293e51ba5b49a27e",
        "type": "github"
      },
      "original": {
        "owner": "nix-systems",
        "repo": "default",
        "type": "github"
      }
    },
    "systems_6": {
      "locked": {
        "lastModified": 1681028828,
        "narHash": "sha256-Vy1rq5AaRuLzOxct8nz4T6wlgyUR7zLU309k9mBC768=",
        "owner": "nix-systems",
        "repo": "default",
        "rev": "da67096a3b9bf56a91d16901293e51ba5b49a27e",
        "type": "github"
      },
      "original": {
        "owner": "nix-systems",
        "repo": "default",
        "type": "github"
      }
    },
    "systems_7": {
      "locked": {
        "lastModified": 1681028828,
        "narHash": "sha256-Vy1rq5AaRuLzOxct8nz4T6wlgyUR7zLU309k9mBC768=",
        "owner": "nix-systems",
        "repo": "default",
        "rev": "da67096a3b9bf56a91d16901293e51ba5b49a27e",
        "type": "github"
      },
      "original": {
        "owner": "nix-systems",
        "repo": "default",
        "type": "github"
      }
    },
    "website": {
      "inputs": {
        "anki-decks": "anki-decks",
        "extra-content": "extra-content",
        "flake-utils": "flake-utils_5",
        "images": "images",
        "katex": "katex",
        "nixpkgs": [
          "nixpkgs"
        ],
        "pdfs": "pdfs",
        "scripts": "scripts_4"
      },
      "locked": {
        "lastModified": 1765619476,
        "narHash": "sha256-ERgc9YHmBbe1N098oy7wl2ayt4Mn0deoVTbDtc9ozeU=",
        "owner": "Smaug123",
        "repo": "static-site-pipeline",
        "rev": "a53b75f77b197c123267715708f36b1fcef67080",
        "type": "github"
      },
      "original": {
        "owner": "Smaug123",
        "repo": "static-site-pipeline",
        "type": "github"
      }
    },
    "whisper-packages": {
      "inputs": {
        "flake-utils": "flake-utils_7",
        "model": "model",
        "nixpkgs": [
          "nixpkgs"
        ]
      },
      "locked": {
        "lastModified": 1706487294,
        "narHash": "sha256-h5Ptbc6Kks4zZllR2nHnbVPJAJyYOAHEqGyEBFNMvzE=",
        "owner": "Smaug123",
        "repo": "whisper.cpp",
        "rev": "96214a91134021ad6416f06cb7d35419a73b302c",
        "type": "github"
      },
      "original": {
        "owner": "Smaug123",
        "ref": "nix-small",
        "repo": "whisper.cpp",
        "type": "github"
      }
    }
  },
  "root": "root",
  "version": 7
}
